// !$*UTF8*$!
{
	archiveVersion = 1;
	classes = {
	};
	objectVersion = 56;
	objects = {

/* Begin PBXBuildFile section */
		4DBDCD9A2B7E2495002BD1D7 /* PokemonDetailView.swift in Sources */ = {isa = PBXBuildFile; fileRef = 4DBDCD992B7E2495002BD1D7 /* PokemonDetailView.swift */; };
		4DBDCD9C2B7E24B6002BD1D7 /* PokemonRowView.swift in Sources */ = {isa = PBXBuildFile; fileRef = 4DBDCD9B2B7E24B6002BD1D7 /* PokemonRowView.swift */; };
		4DBDCDA22B7E2760002BD1D7 /* PokemonListViewModel.swift in Sources */ = {isa = PBXBuildFile; fileRef = 4DBDCDA12B7E2760002BD1D7 /* PokemonListViewModel.swift */; };
		4DC1522A2B7E3B13002B64EB /* NetworkUtils.swift in Sources */ = {isa = PBXBuildFile; fileRef = 4DC152292B7E3B13002B64EB /* NetworkUtils.swift */; };
		4DC1522C2B7E3B7E002B64EB /* Constants.swift in Sources */ = {isa = PBXBuildFile; fileRef = 4DC1522B2B7E3B7E002B64EB /* Constants.swift */; };
		4DC152312B7E3D74002B64EB /* PokemonModel.swift in Sources */ = {isa = PBXBuildFile; fileRef = 4DC152302B7E3D74002B64EB /* PokemonModel.swift */; };
		4DC152332B7E3DCC002B64EB /* PokemonListModel.swift in Sources */ = {isa = PBXBuildFile; fileRef = 4DC152322B7E3DCC002B64EB /* PokemonListModel.swift */; };
		4DC152362B7E3E89002B64EB /* ExploreDataSource.swift in Sources */ = {isa = PBXBuildFile; fileRef = 4DC152352B7E3E89002B64EB /* ExploreDataSource.swift */; };
		4DC1523A2B7E3F67002B64EB /* PokemonEntity.swift in Sources */ = {isa = PBXBuildFile; fileRef = 4DC152392B7E3F67002B64EB /* PokemonEntity.swift */; };
		4DC1523D2B7E408D002B64EB /* PokemonRepositoryProtocol.swift in Sources */ = {isa = PBXBuildFile; fileRef = 4DC1523C2B7E408D002B64EB /* PokemonRepositoryProtocol.swift */; };
		4DC152402B7E41A1002B64EB /* PokemonRepository.swift in Sources */ = {isa = PBXBuildFile; fileRef = 4DC1523F2B7E41A1002B64EB /* PokemonRepository.swift */; };
		4DC152432B7E43C8002B64EB /* PokemonUseCase.swift in Sources */ = {isa = PBXBuildFile; fileRef = 4DC152422B7E43C8002B64EB /* PokemonUseCase.swift */; };
		4DC152462B7E4501002B64EB /* PokemonExploreView.swift in Sources */ = {isa = PBXBuildFile; fileRef = 4DC152452B7E4501002B64EB /* PokemonExploreView.swift */; };
		4DE362072B7CBD77006B7DD8 /* PokemonSimpleAppApp.swift in Sources */ = {isa = PBXBuildFile; fileRef = 4DE362062B7CBD77006B7DD8 /* PokemonSimpleAppApp.swift */; };
		4DE362092B7CBD77006B7DD8 /* PokemonListView.swift in Sources */ = {isa = PBXBuildFile; fileRef = 4DE362082B7CBD77006B7DD8 /* PokemonListView.swift */; };
		4DE3620B2B7CBD7A006B7DD8 /* Assets.xcassets in Resources */ = {isa = PBXBuildFile; fileRef = 4DE3620A2B7CBD7A006B7DD8 /* Assets.xcassets */; };
		4DE3620E2B7CBD7A006B7DD8 /* Preview Assets.xcassets in Resources */ = {isa = PBXBuildFile; fileRef = 4DE3620D2B7CBD7A006B7DD8 /* Preview Assets.xcassets */; };
		4DE362182B7CBD7A006B7DD8 /* PokemonSimpleAppTests.swift in Sources */ = {isa = PBXBuildFile; fileRef = 4DE362172B7CBD7A006B7DD8 /* PokemonSimpleAppTests.swift */; };
		4DE362222B7CBD7A006B7DD8 /* PokemonSimpleAppUITests.swift in Sources */ = {isa = PBXBuildFile; fileRef = 4DE362212B7CBD7A006B7DD8 /* PokemonSimpleAppUITests.swift */; };
		4DE362242B7CBD7A006B7DD8 /* PokemonSimpleAppUITestsLaunchTests.swift in Sources */ = {isa = PBXBuildFile; fileRef = 4DE362232B7CBD7A006B7DD8 /* PokemonSimpleAppUITestsLaunchTests.swift */; };
/* End PBXBuildFile section */

/* Begin PBXContainerItemProxy section */
		4DE362142B7CBD7A006B7DD8 /* PBXContainerItemProxy */ = {
			isa = PBXContainerItemProxy;
			containerPortal = 4DE361FB2B7CBD76006B7DD8 /* Project object */;
			proxyType = 1;
			remoteGlobalIDString = 4DE362022B7CBD77006B7DD8;
			remoteInfo = PokemonSimpleApp;
		};
		4DE3621E2B7CBD7A006B7DD8 /* PBXContainerItemProxy */ = {
			isa = PBXContainerItemProxy;
			containerPortal = 4DE361FB2B7CBD76006B7DD8 /* Project object */;
			proxyType = 1;
			remoteGlobalIDString = 4DE362022B7CBD77006B7DD8;
			remoteInfo = PokemonSimpleApp;
		};
/* End PBXContainerItemProxy section */

/* Begin PBXFileReference section */
		4DBDCD992B7E2495002BD1D7 /* PokemonDetailView.swift */ = {isa = PBXFileReference; lastKnownFileType = sourcecode.swift; path = PokemonDetailView.swift; sourceTree = "<group>"; };
		4DBDCD9B2B7E24B6002BD1D7 /* PokemonRowView.swift */ = {isa = PBXFileReference; lastKnownFileType = sourcecode.swift; path = PokemonRowView.swift; sourceTree = "<group>"; };
		4DBDCDA12B7E2760002BD1D7 /* PokemonListViewModel.swift */ = {isa = PBXFileReference; lastKnownFileType = sourcecode.swift; path = PokemonListViewModel.swift; sourceTree = "<group>"; };
		4DC152292B7E3B13002B64EB /* NetworkUtils.swift */ = {isa = PBXFileReference; lastKnownFileType = sourcecode.swift; path = NetworkUtils.swift; sourceTree = "<group>"; };
		4DC1522B2B7E3B7E002B64EB /* Constants.swift */ = {isa = PBXFileReference; lastKnownFileType = sourcecode.swift; path = Constants.swift; sourceTree = "<group>"; };
		4DC152302B7E3D74002B64EB /* PokemonModel.swift */ = {isa = PBXFileReference; lastKnownFileType = sourcecode.swift; path = PokemonModel.swift; sourceTree = "<group>"; };
		4DC152322B7E3DCC002B64EB /* PokemonListModel.swift */ = {isa = PBXFileReference; lastKnownFileType = sourcecode.swift; path = PokemonListModel.swift; sourceTree = "<group>"; };
		4DC152352B7E3E89002B64EB /* ExploreDataSource.swift */ = {isa = PBXFileReference; lastKnownFileType = sourcecode.swift; path = ExploreDataSource.swift; sourceTree = "<group>"; };
		4DC152392B7E3F67002B64EB /* PokemonEntity.swift */ = {isa = PBXFileReference; lastKnownFileType = sourcecode.swift; path = PokemonEntity.swift; sourceTree = "<group>"; };
		4DC1523C2B7E408D002B64EB /* PokemonRepositoryProtocol.swift */ = {isa = PBXFileReference; lastKnownFileType = sourcecode.swift; path = PokemonRepositoryProtocol.swift; sourceTree = "<group>"; };
		4DC1523F2B7E41A1002B64EB /* PokemonRepository.swift */ = {isa = PBXFileReference; lastKnownFileType = sourcecode.swift; path = PokemonRepository.swift; sourceTree = "<group>"; };
		4DC152422B7E43C8002B64EB /* PokemonUseCase.swift */ = {isa = PBXFileReference; lastKnownFileType = sourcecode.swift; path = PokemonUseCase.swift; sourceTree = "<group>"; };
		4DC152452B7E4501002B64EB /* PokemonExploreView.swift */ = {isa = PBXFileReference; lastKnownFileType = sourcecode.swift; path = PokemonExploreView.swift; sourceTree = "<group>"; };
		4DE362032B7CBD77006B7DD8 /* PokemonSimpleApp.app */ = {isa = PBXFileReference; explicitFileType = wrapper.application; includeInIndex = 0; path = PokemonSimpleApp.app; sourceTree = BUILT_PRODUCTS_DIR; };
		4DE362062B7CBD77006B7DD8 /* PokemonSimpleAppApp.swift */ = {isa = PBXFileReference; lastKnownFileType = sourcecode.swift; path = PokemonSimpleAppApp.swift; sourceTree = "<group>"; };
		4DE362082B7CBD77006B7DD8 /* PokemonListView.swift */ = {isa = PBXFileReference; lastKnownFileType = sourcecode.swift; path = PokemonListView.swift; sourceTree = "<group>"; };
		4DE3620A2B7CBD7A006B7DD8 /* Assets.xcassets */ = {isa = PBXFileReference; lastKnownFileType = folder.assetcatalog; path = Assets.xcassets; sourceTree = "<group>"; };
		4DE3620D2B7CBD7A006B7DD8 /* Preview Assets.xcassets */ = {isa = PBXFileReference; lastKnownFileType = folder.assetcatalog; path = "Preview Assets.xcassets"; sourceTree = "<group>"; };
		4DE362132B7CBD7A006B7DD8 /* PokemonSimpleAppTests.xctest */ = {isa = PBXFileReference; explicitFileType = wrapper.cfbundle; includeInIndex = 0; path = PokemonSimpleAppTests.xctest; sourceTree = BUILT_PRODUCTS_DIR; };
		4DE362172B7CBD7A006B7DD8 /* PokemonSimpleAppTests.swift */ = {isa = PBXFileReference; lastKnownFileType = sourcecode.swift; path = PokemonSimpleAppTests.swift; sourceTree = "<group>"; };
		4DE3621D2B7CBD7A006B7DD8 /* PokemonSimpleAppUITests.xctest */ = {isa = PBXFileReference; explicitFileType = wrapper.cfbundle; includeInIndex = 0; path = PokemonSimpleAppUITests.xctest; sourceTree = BUILT_PRODUCTS_DIR; };
		4DE362212B7CBD7A006B7DD8 /* PokemonSimpleAppUITests.swift */ = {isa = PBXFileReference; lastKnownFileType = sourcecode.swift; path = PokemonSimpleAppUITests.swift; sourceTree = "<group>"; };
		4DE362232B7CBD7A006B7DD8 /* PokemonSimpleAppUITestsLaunchTests.swift */ = {isa = PBXFileReference; lastKnownFileType = sourcecode.swift; path = PokemonSimpleAppUITestsLaunchTests.swift; sourceTree = "<group>"; };
/* End PBXFileReference section */

/* Begin PBXFrameworksBuildPhase section */
		4DE362002B7CBD77006B7DD8 /* Frameworks */ = {
			isa = PBXFrameworksBuildPhase;
			buildActionMask = 2147483647;
			files = (
			);
			runOnlyForDeploymentPostprocessing = 0;
		};
		4DE362102B7CBD7A006B7DD8 /* Frameworks */ = {
			isa = PBXFrameworksBuildPhase;
			buildActionMask = 2147483647;
			files = (
			);
			runOnlyForDeploymentPostprocessing = 0;
		};
		4DE3621A2B7CBD7A006B7DD8 /* Frameworks */ = {
			isa = PBXFrameworksBuildPhase;
			buildActionMask = 2147483647;
			files = (
			);
			runOnlyForDeploymentPostprocessing = 0;
		};
/* End PBXFrameworksBuildPhase section */

/* Begin PBXGroup section */
		4DBDCD962B7E2445002BD1D7 /* App */ = {
			isa = PBXGroup;
			children = (
				4DE362062B7CBD77006B7DD8 /* PokemonSimpleAppApp.swift */,
			);
			path = App;
			sourceTree = "<group>";
		};
		4DBDCD972B7E2464002BD1D7 /* PokemonListView */ = {
			isa = PBXGroup;
			children = (
				4DBDCDA12B7E2760002BD1D7 /* PokemonListViewModel.swift */,
				4DBDCD9B2B7E24B6002BD1D7 /* PokemonRowView.swift */,
			);
			path = PokemonListView;
			sourceTree = "<group>";
		};
		4DBDCD982B7E2475002BD1D7 /* PokemonDetailView */ = {
			isa = PBXGroup;
			children = (
				4DBDCD992B7E2495002BD1D7 /* PokemonDetailView.swift */,
			);
			path = PokemonDetailView;
			sourceTree = "<group>";
		};
		4DC152282B7E3AD3002B64EB /* Utils */ = {
			isa = PBXGroup;
			children = (
				4DC152292B7E3B13002B64EB /* NetworkUtils.swift */,
				4DC1522B2B7E3B7E002B64EB /* Constants.swift */,
			);
			path = Utils;
			sourceTree = "<group>";
		};
		4DC1522D2B7E3D36002B64EB /* FeatureExplore */ = {
			isa = PBXGroup;
			children = (
				4DC1522E2B7E3D47002B64EB /* Data */,
				4DC152372B7E3F33002B64EB /* Domain */,
				4DC152442B7E44D4002B64EB /* Presentation */,
			);
			path = FeatureExplore;
			sourceTree = "<group>";
		};
		4DC1522E2B7E3D47002B64EB /* Data */ = {
			isa = PBXGroup;
			children = (
				4DC1523E2B7E4193002B64EB /* Repositories */,
				4DC152342B7E3E74002B64EB /* DataSource */,
				4DC1522F2B7E3D5C002B64EB /* Models */,
			);
			path = Data;
			sourceTree = "<group>";
		};
		4DC1522F2B7E3D5C002B64EB /* Models */ = {
			isa = PBXGroup;
			children = (
				4DC152322B7E3DCC002B64EB /* PokemonListModel.swift */,
				4DC152302B7E3D74002B64EB /* PokemonModel.swift */,
			);
			path = Models;
			sourceTree = "<group>";
		};
		4DC152342B7E3E74002B64EB /* DataSource */ = {
			isa = PBXGroup;
			children = (
				4DC152352B7E3E89002B64EB /* ExploreDataSource.swift */,
			);
			path = DataSource;
			sourceTree = "<group>";
		};
		4DC152372B7E3F33002B64EB /* Domain */ = {
			isa = PBXGroup;
			children = (
				4DC152382B7E3F53002B64EB /* Entity */,
				4DC1523B2B7E406A002B64EB /* Repositories */,
				4DC152412B7E434E002B64EB /* UseCases */,
			);
			path = Domain;
			sourceTree = "<group>";
		};
		4DC152382B7E3F53002B64EB /* Entity */ = {
			isa = PBXGroup;
			children = (
				4DC152392B7E3F67002B64EB /* PokemonEntity.swift */,
			);
			path = Entity;
			sourceTree = "<group>";
		};
		4DC1523B2B7E406A002B64EB /* Repositories */ = {
			isa = PBXGroup;
			children = (
				4DC1523C2B7E408D002B64EB /* PokemonRepositoryProtocol.swift */,
			);
			path = Repositories;
			sourceTree = "<group>";
		};
		4DC1523E2B7E4193002B64EB /* Repositories */ = {
			isa = PBXGroup;
			children = (
				4DC1523F2B7E41A1002B64EB /* PokemonRepository.swift */,
			);
			path = Repositories;
			sourceTree = "<group>";
		};
		4DC152412B7E434E002B64EB /* UseCases */ = {
			isa = PBXGroup;
			children = (
				4DC152422B7E43C8002B64EB /* PokemonUseCase.swift */,
			);
			path = UseCases;
			sourceTree = "<group>";
		};
		4DC152442B7E44D4002B64EB /* Presentation */ = {
			isa = PBXGroup;
			children = (
				4DC152452B7E4501002B64EB /* PokemonExploreView.swift */,
			);
			path = Presentation;
			sourceTree = "<group>";
		};
		4DC152472B7E4636002B64EB /* Core */ = {
			isa = PBXGroup;
			children = (
				4DC152482B7E464E002B64EB /* Components */,
				4DC152282B7E3AD3002B64EB /* Utils */,
			);
			path = Core;
			sourceTree = "<group>";
		};
		4DC152482B7E464E002B64EB /* Components */ = {
			isa = PBXGroup;
			children = (
				4DE362082B7CBD77006B7DD8 /* PokemonListView.swift */,
			);
			path = Components;
			sourceTree = "<group>";
		};
		4DE361FA2B7CBD76006B7DD8 = {
			isa = PBXGroup;
			children = (
				4DE362052B7CBD77006B7DD8 /* PokemonSimpleApp */,
				4DE362162B7CBD7A006B7DD8 /* PokemonSimpleAppTests */,
				4DE362202B7CBD7A006B7DD8 /* PokemonSimpleAppUITests */,
				4DE362042B7CBD77006B7DD8 /* Products */,
			);
			sourceTree = "<group>";
		};
		4DE362042B7CBD77006B7DD8 /* Products */ = {
			isa = PBXGroup;
			children = (
				4DE362032B7CBD77006B7DD8 /* PokemonSimpleApp.app */,
				4DE362132B7CBD7A006B7DD8 /* PokemonSimpleAppTests.xctest */,
				4DE3621D2B7CBD7A006B7DD8 /* PokemonSimpleAppUITests.xctest */,
			);
			name = Products;
			sourceTree = "<group>";
		};
		4DE362052B7CBD77006B7DD8 /* PokemonSimpleApp */ = {
			isa = PBXGroup;
			children = (
				4DBDCD962B7E2445002BD1D7 /* App */,
				4DC152472B7E4636002B64EB /* Core */,
				4DBDCD972B7E2464002BD1D7 /* PokemonListView */,
				4DBDCD982B7E2475002BD1D7 /* PokemonDetailView */,
				4DC1522D2B7E3D36002B64EB /* FeatureExplore */,
				4DE3620A2B7CBD7A006B7DD8 /* Assets.xcassets */,
				4DE3620C2B7CBD7A006B7DD8 /* Preview Content */,
			);
			path = PokemonSimpleApp;
			sourceTree = "<group>";
		};
		4DE3620C2B7CBD7A006B7DD8 /* Preview Content */ = {
			isa = PBXGroup;
			children = (
				4DE3620D2B7CBD7A006B7DD8 /* Preview Assets.xcassets */,
			);
			path = "Preview Content";
			sourceTree = "<group>";
		};
		4DE362162B7CBD7A006B7DD8 /* PokemonSimpleAppTests */ = {
			isa = PBXGroup;
			children = (
				4DE362172B7CBD7A006B7DD8 /* PokemonSimpleAppTests.swift */,
			);
			path = PokemonSimpleAppTests;
			sourceTree = "<group>";
		};
		4DE362202B7CBD7A006B7DD8 /* PokemonSimpleAppUITests */ = {
			isa = PBXGroup;
			children = (
				4DE362212B7CBD7A006B7DD8 /* PokemonSimpleAppUITests.swift */,
				4DE362232B7CBD7A006B7DD8 /* PokemonSimpleAppUITestsLaunchTests.swift */,
			);
			path = PokemonSimpleAppUITests;
			sourceTree = "<group>";
		};
/* End PBXGroup section */

/* Begin PBXNativeTarget section */
		4DE362022B7CBD77006B7DD8 /* PokemonSimpleApp */ = {
			isa = PBXNativeTarget;
			buildConfigurationList = 4DE362272B7CBD7A006B7DD8 /* Build configuration list for PBXNativeTarget "PokemonSimpleApp" */;
			buildPhases = (
				4DE361FF2B7CBD77006B7DD8 /* Sources */,
				4DE362002B7CBD77006B7DD8 /* Frameworks */,
				4DE362012B7CBD77006B7DD8 /* Resources */,
			);
			buildRules = (
			);
			dependencies = (
			);
			name = PokemonSimpleApp;
			productName = PokemonSimpleApp;
			productReference = 4DE362032B7CBD77006B7DD8 /* PokemonSimpleApp.app */;
			productType = "com.apple.product-type.application";
		};
		4DE362122B7CBD7A006B7DD8 /* PokemonSimpleAppTests */ = {
			isa = PBXNativeTarget;
			buildConfigurationList = 4DE3622A2B7CBD7A006B7DD8 /* Build configuration list for PBXNativeTarget "PokemonSimpleAppTests" */;
			buildPhases = (
				4DE3620F2B7CBD7A006B7DD8 /* Sources */,
				4DE362102B7CBD7A006B7DD8 /* Frameworks */,
				4DE362112B7CBD7A006B7DD8 /* Resources */,
			);
			buildRules = (
			);
			dependencies = (
				4DE362152B7CBD7A006B7DD8 /* PBXTargetDependency */,
			);
			name = PokemonSimpleAppTests;
			productName = PokemonSimpleAppTests;
			productReference = 4DE362132B7CBD7A006B7DD8 /* PokemonSimpleAppTests.xctest */;
			productType = "com.apple.product-type.bundle.unit-test";
		};
		4DE3621C2B7CBD7A006B7DD8 /* PokemonSimpleAppUITests */ = {
			isa = PBXNativeTarget;
			buildConfigurationList = 4DE3622D2B7CBD7A006B7DD8 /* Build configuration list for PBXNativeTarget "PokemonSimpleAppUITests" */;
			buildPhases = (
				4DE362192B7CBD7A006B7DD8 /* Sources */,
				4DE3621A2B7CBD7A006B7DD8 /* Frameworks */,
				4DE3621B2B7CBD7A006B7DD8 /* Resources */,
			);
			buildRules = (
			);
			dependencies = (
				4DE3621F2B7CBD7A006B7DD8 /* PBXTargetDependency */,
			);
			name = PokemonSimpleAppUITests;
			productName = PokemonSimpleAppUITests;
			productReference = 4DE3621D2B7CBD7A006B7DD8 /* PokemonSimpleAppUITests.xctest */;
			productType = "com.apple.product-type.bundle.ui-testing";
		};
/* End PBXNativeTarget section */

/* Begin PBXProject section */
		4DE361FB2B7CBD76006B7DD8 /* Project object */ = {
			isa = PBXProject;
			attributes = {
				BuildIndependentTargetsInParallel = 1;
				LastSwiftUpdateCheck = 1520;
				LastUpgradeCheck = 1520;
				TargetAttributes = {
					4DE362022B7CBD77006B7DD8 = {
						CreatedOnToolsVersion = 15.2;
					};
					4DE362122B7CBD7A006B7DD8 = {
						CreatedOnToolsVersion = 15.2;
						TestTargetID = 4DE362022B7CBD77006B7DD8;
					};
					4DE3621C2B7CBD7A006B7DD8 = {
						CreatedOnToolsVersion = 15.2;
						TestTargetID = 4DE362022B7CBD77006B7DD8;
					};
				};
			};
			buildConfigurationList = 4DE361FE2B7CBD76006B7DD8 /* Build configuration list for PBXProject "PokemonSimpleApp" */;
			compatibilityVersion = "Xcode 14.0";
			developmentRegion = en;
			hasScannedForEncodings = 0;
			knownRegions = (
				en,
				Base,
			);
			mainGroup = 4DE361FA2B7CBD76006B7DD8;
			productRefGroup = 4DE362042B7CBD77006B7DD8 /* Products */;
			projectDirPath = "";
			projectRoot = "";
			targets = (
				4DE362022B7CBD77006B7DD8 /* PokemonSimpleApp */,
				4DE362122B7CBD7A006B7DD8 /* PokemonSimpleAppTests */,
				4DE3621C2B7CBD7A006B7DD8 /* PokemonSimpleAppUITests */,
			);
		};
/* End PBXProject section */

/* Begin PBXResourcesBuildPhase section */
		4DE362012B7CBD77006B7DD8 /* Resources */ = {
			isa = PBXResourcesBuildPhase;
			buildActionMask = 2147483647;
			files = (
				4DE3620E2B7CBD7A006B7DD8 /* Preview Assets.xcassets in Resources */,
				4DE3620B2B7CBD7A006B7DD8 /* Assets.xcassets in Resources */,
			);
			runOnlyForDeploymentPostprocessing = 0;
		};
		4DE362112B7CBD7A006B7DD8 /* Resources */ = {
			isa = PBXResourcesBuildPhase;
			buildActionMask = 2147483647;
			files = (
			);
			runOnlyForDeploymentPostprocessing = 0;
		};
		4DE3621B2B7CBD7A006B7DD8 /* Resources */ = {
			isa = PBXResourcesBuildPhase;
			buildActionMask = 2147483647;
			files = (
			);
			runOnlyForDeploymentPostprocessing = 0;
		};
/* End PBXResourcesBuildPhase section */

/* Begin PBXSourcesBuildPhase section */
		4DE361FF2B7CBD77006B7DD8 /* Sources */ = {
			isa = PBXSourcesBuildPhase;
			buildActionMask = 2147483647;
			files = (
				4DC152462B7E4501002B64EB /* PokemonExploreView.swift in Sources */,
				4DC152332B7E3DCC002B64EB /* PokemonListModel.swift in Sources */,
				4DE362092B7CBD77006B7DD8 /* PokemonListView.swift in Sources */,
				4DE362072B7CBD77006B7DD8 /* PokemonSimpleAppApp.swift in Sources */,
				4DC152402B7E41A1002B64EB /* PokemonRepository.swift in Sources */,
				4DBDCD9A2B7E2495002BD1D7 /* PokemonDetailView.swift in Sources */,
				4DBDCDA22B7E2760002BD1D7 /* PokemonListViewModel.swift in Sources */,
				4DC1522A2B7E3B13002B64EB /* NetworkUtils.swift in Sources */,
				4DC152432B7E43C8002B64EB /* PokemonUseCase.swift in Sources */,
				4DBDCD9C2B7E24B6002BD1D7 /* PokemonRowView.swift in Sources */,
				4DC152312B7E3D74002B64EB /* PokemonModel.swift in Sources */,
				4DC1523A2B7E3F67002B64EB /* PokemonEntity.swift in Sources */,
				4DC1523D2B7E408D002B64EB /* PokemonRepositoryProtocol.swift in Sources */,
				4DC152362B7E3E89002B64EB /* ExploreDataSource.swift in Sources */,
				4DC1522C2B7E3B7E002B64EB /* Constants.swift in Sources */,
			);
			runOnlyForDeploymentPostprocessing = 0;
		};
		4DE3620F2B7CBD7A006B7DD8 /* Sources */ = {
			isa = PBXSourcesBuildPhase;
			buildActionMask = 2147483647;
			files = (
				4DE362182B7CBD7A006B7DD8 /* PokemonSimpleAppTests.swift in Sources */,
			);
			runOnlyForDeploymentPostprocessing = 0;
		};
		4DE362192B7CBD7A006B7DD8 /* Sources */ = {
			isa = PBXSourcesBuildPhase;
			buildActionMask = 2147483647;
			files = (
				4DE362242B7CBD7A006B7DD8 /* PokemonSimpleAppUITestsLaunchTests.swift in Sources */,
				4DE362222B7CBD7A006B7DD8 /* PokemonSimpleAppUITests.swift in Sources */,
			);
			runOnlyForDeploymentPostprocessing = 0;
		};
/* End PBXSourcesBuildPhase section */

/* Begin PBXTargetDependency section */
		4DE362152B7CBD7A006B7DD8 /* PBXTargetDependency */ = {
			isa = PBXTargetDependency;
			target = 4DE362022B7CBD77006B7DD8 /* PokemonSimpleApp */;
			targetProxy = 4DE362142B7CBD7A006B7DD8 /* PBXContainerItemProxy */;
		};
		4DE3621F2B7CBD7A006B7DD8 /* PBXTargetDependency */ = {
			isa = PBXTargetDependency;
			target = 4DE362022B7CBD77006B7DD8 /* PokemonSimpleApp */;
			targetProxy = 4DE3621E2B7CBD7A006B7DD8 /* PBXContainerItemProxy */;
		};
/* End PBXTargetDependency section */

/* Begin XCBuildConfiguration section */
		4DE362252B7CBD7A006B7DD8 /* Debug */ = {
			isa = XCBuildConfiguration;
			buildSettings = {
				ALWAYS_SEARCH_USER_PATHS = NO;
				ASSETCATALOG_COMPILER_GENERATE_SWIFT_ASSET_SYMBOL_EXTENSIONS = YES;
				CLANG_ANALYZER_NONNULL = YES;
				CLANG_ANALYZER_NUMBER_OBJECT_CONVERSION = YES_AGGRESSIVE;
				CLANG_CXX_LANGUAGE_STANDARD = "gnu++20";
				CLANG_ENABLE_MODULES = YES;
				CLANG_ENABLE_OBJC_ARC = YES;
				CLANG_ENABLE_OBJC_WEAK = YES;
				CLANG_WARN_BLOCK_CAPTURE_AUTORELEASING = YES;
				CLANG_WARN_BOOL_CONVERSION = YES;
				CLANG_WARN_COMMA = YES;
				CLANG_WARN_CONSTANT_CONVERSION = YES;
				CLANG_WARN_DEPRECATED_OBJC_IMPLEMENTATIONS = YES;
				CLANG_WARN_DIRECT_OBJC_ISA_USAGE = YES_ERROR;
				CLANG_WARN_DOCUMENTATION_COMMENTS = YES;
				CLANG_WARN_EMPTY_BODY = YES;
				CLANG_WARN_ENUM_CONVERSION = YES;
				CLANG_WARN_INFINITE_RECURSION = YES;
				CLANG_WARN_INT_CONVERSION = YES;
				CLANG_WARN_NON_LITERAL_NULL_CONVERSION = YES;
				CLANG_WARN_OBJC_IMPLICIT_RETAIN_SELF = YES;
				CLANG_WARN_OBJC_LITERAL_CONVERSION = YES;
				CLANG_WARN_OBJC_ROOT_CLASS = YES_ERROR;
				CLANG_WARN_QUOTED_INCLUDE_IN_FRAMEWORK_HEADER = YES;
				CLANG_WARN_RANGE_LOOP_ANALYSIS = YES;
				CLANG_WARN_STRICT_PROTOTYPES = YES;
				CLANG_WARN_SUSPICIOUS_MOVE = YES;
				CLANG_WARN_UNGUARDED_AVAILABILITY = YES_AGGRESSIVE;
				CLANG_WARN_UNREACHABLE_CODE = YES;
				CLANG_WARN__DUPLICATE_METHOD_MATCH = YES;
				COPY_PHASE_STRIP = NO;
				DEBUG_INFORMATION_FORMAT = dwarf;
				ENABLE_STRICT_OBJC_MSGSEND = YES;
				ENABLE_TESTABILITY = YES;
				ENABLE_USER_SCRIPT_SANDBOXING = YES;
				GCC_C_LANGUAGE_STANDARD = gnu17;
				GCC_DYNAMIC_NO_PIC = NO;
				GCC_NO_COMMON_BLOCKS = YES;
				GCC_OPTIMIZATION_LEVEL = 0;
				GCC_PREPROCESSOR_DEFINITIONS = (
					"DEBUG=1",
					"$(inherited)",
				);
				GCC_WARN_64_TO_32_BIT_CONVERSION = YES;
				GCC_WARN_ABOUT_RETURN_TYPE = YES_ERROR;
				GCC_WARN_UNDECLARED_SELECTOR = YES;
				GCC_WARN_UNINITIALIZED_AUTOS = YES_AGGRESSIVE;
				GCC_WARN_UNUSED_FUNCTION = YES;
				GCC_WARN_UNUSED_VARIABLE = YES;
				IPHONEOS_DEPLOYMENT_TARGET = 17.2;
				LOCALIZATION_PREFERS_STRING_CATALOGS = YES;
				MTL_ENABLE_DEBUG_INFO = INCLUDE_SOURCE;
				MTL_FAST_MATH = YES;
				ONLY_ACTIVE_ARCH = YES;
				SDKROOT = iphoneos;
				SWIFT_ACTIVE_COMPILATION_CONDITIONS = "DEBUG $(inherited)";
				SWIFT_OPTIMIZATION_LEVEL = "-Onone";
			};
			name = Debug;
		};
		4DE362262B7CBD7A006B7DD8 /* Release */ = {
			isa = XCBuildConfiguration;
			buildSettings = {
				ALWAYS_SEARCH_USER_PATHS = NO;
				ASSETCATALOG_COMPILER_GENERATE_SWIFT_ASSET_SYMBOL_EXTENSIONS = YES;
				CLANG_ANALYZER_NONNULL = YES;
				CLANG_ANALYZER_NUMBER_OBJECT_CONVERSION = YES_AGGRESSIVE;
				CLANG_CXX_LANGUAGE_STANDARD = "gnu++20";
				CLANG_ENABLE_MODULES = YES;
				CLANG_ENABLE_OBJC_ARC = YES;
				CLANG_ENABLE_OBJC_WEAK = YES;
				CLANG_WARN_BLOCK_CAPTURE_AUTORELEASING = YES;
				CLANG_WARN_BOOL_CONVERSION = YES;
				CLANG_WARN_COMMA = YES;
				CLANG_WARN_CONSTANT_CONVERSION = YES;
				CLANG_WARN_DEPRECATED_OBJC_IMPLEMENTATIONS = YES;
				CLANG_WARN_DIRECT_OBJC_ISA_USAGE = YES_ERROR;
				CLANG_WARN_DOCUMENTATION_COMMENTS = YES;
				CLANG_WARN_EMPTY_BODY = YES;
				CLANG_WARN_ENUM_CONVERSION = YES;
				CLANG_WARN_INFINITE_RECURSION = YES;
				CLANG_WARN_INT_CONVERSION = YES;
				CLANG_WARN_NON_LITERAL_NULL_CONVERSION = YES;
				CLANG_WARN_OBJC_IMPLICIT_RETAIN_SELF = YES;
				CLANG_WARN_OBJC_LITERAL_CONVERSION = YES;
				CLANG_WARN_OBJC_ROOT_CLASS = YES_ERROR;
				CLANG_WARN_QUOTED_INCLUDE_IN_FRAMEWORK_HEADER = YES;
				CLANG_WARN_RANGE_LOOP_ANALYSIS = YES;
				CLANG_WARN_STRICT_PROTOTYPES = YES;
				CLANG_WARN_SUSPICIOUS_MOVE = YES;
				CLANG_WARN_UNGUARDED_AVAILABILITY = YES_AGGRESSIVE;
				CLANG_WARN_UNREACHABLE_CODE = YES;
				CLANG_WARN__DUPLICATE_METHOD_MATCH = YES;
				COPY_PHASE_STRIP = NO;
				DEBUG_INFORMATION_FORMAT = "dwarf-with-dsym";
				ENABLE_NS_ASSERTIONS = NO;
				ENABLE_STRICT_OBJC_MSGSEND = YES;
				ENABLE_USER_SCRIPT_SANDBOXING = YES;
				GCC_C_LANGUAGE_STANDARD = gnu17;
				GCC_NO_COMMON_BLOCKS = YES;
				GCC_WARN_64_TO_32_BIT_CONVERSION = YES;
				GCC_WARN_ABOUT_RETURN_TYPE = YES_ERROR;
				GCC_WARN_UNDECLARED_SELECTOR = YES;
				GCC_WARN_UNINITIALIZED_AUTOS = YES_AGGRESSIVE;
				GCC_WARN_UNUSED_FUNCTION = YES;
				GCC_WARN_UNUSED_VARIABLE = YES;
				IPHONEOS_DEPLOYMENT_TARGET = 17.2;
				LOCALIZATION_PREFERS_STRING_CATALOGS = YES;
				MTL_ENABLE_DEBUG_INFO = NO;
				MTL_FAST_MATH = YES;
				SDKROOT = iphoneos;
				SWIFT_COMPILATION_MODE = wholemodule;
				VALIDATE_PRODUCT = YES;
			};
			name = Release;
		};
		4DE362282B7CBD7A006B7DD8 /* Debug */ = {
			isa = XCBuildConfiguration;
			buildSettings = {
				ASSETCATALOG_COMPILER_APPICON_NAME = AppIcon;
				ASSETCATALOG_COMPILER_GLOBAL_ACCENT_COLOR_NAME = AccentColor;
				CODE_SIGN_STYLE = Automatic;
				CURRENT_PROJECT_VERSION = 1;
				DEVELOPMENT_ASSET_PATHS = "\"PokemonSimpleApp/Preview Content\"";
				DEVELOPMENT_TEAM = 2Y2FRWV72Q;
				ENABLE_PREVIEWS = YES;
				GENERATE_INFOPLIST_FILE = YES;
				INFOPLIST_KEY_UIApplicationSceneManifest_Generation = YES;
				INFOPLIST_KEY_UIApplicationSupportsIndirectInputEvents = YES;
				INFOPLIST_KEY_UILaunchScreen_Generation = YES;
				INFOPLIST_KEY_UISupportedInterfaceOrientations_iPad = "UIInterfaceOrientationPortrait UIInterfaceOrientationPortraitUpsideDown UIInterfaceOrientationLandscapeLeft UIInterfaceOrientationLandscapeRight";
				INFOPLIST_KEY_UISupportedInterfaceOrientations_iPhone = "UIInterfaceOrientationPortrait UIInterfaceOrientationLandscapeLeft UIInterfaceOrientationLandscapeRight";
				LD_RUNPATH_SEARCH_PATHS = (
					"$(inherited)",
					"@executable_path/Frameworks",
				);
				MARKETING_VERSION = 1.0;
				PRODUCT_BUNDLE_IDENTIFIER = com.dev.PokemonSimpleApp;
				PRODUCT_NAME = "$(TARGET_NAME)";
				SWIFT_EMIT_LOC_STRINGS = YES;
				SWIFT_VERSION = 5.0;
				TARGETED_DEVICE_FAMILY = "1,2";
			};
			name = Debug;
		};
		4DE362292B7CBD7A006B7DD8 /* Release */ = {
			isa = XCBuildConfiguration;
			buildSettings = {
				ASSETCATALOG_COMPILER_APPICON_NAME = AppIcon;
				ASSETCATALOG_COMPILER_GLOBAL_ACCENT_COLOR_NAME = AccentColor;
				CODE_SIGN_STYLE = Automatic;
				CURRENT_PROJECT_VERSION = 1;
				DEVELOPMENT_ASSET_PATHS = "\"PokemonSimpleApp/Preview Content\"";
				DEVELOPMENT_TEAM = 2Y2FRWV72Q;
				ENABLE_PREVIEWS = YES;
				GENERATE_INFOPLIST_FILE = YES;
				INFOPLIST_KEY_UIApplicationSceneManifest_Generation = YES;
				INFOPLIST_KEY_UIApplicationSupportsIndirectInputEvents = YES;
				INFOPLIST_KEY_UILaunchScreen_Generation = YES;
				INFOPLIST_KEY_UISupportedInterfaceOrientations_iPad = "UIInterfaceOrientationPortrait UIInterfaceOrientationPortraitUpsideDown UIInterfaceOrientationLandscapeLeft UIInterfaceOrientationLandscapeRight";
				INFOPLIST_KEY_UISupportedInterfaceOrientations_iPhone = "UIInterfaceOrientationPortrait UIInterfaceOrientationLandscapeLeft UIInterfaceOrientationLandscapeRight";
				LD_RUNPATH_SEARCH_PATHS = (
					"$(inherited)",
					"@executable_path/Frameworks",
				);
				MARKETING_VERSION = 1.0;
				PRODUCT_BUNDLE_IDENTIFIER = com.dev.PokemonSimpleApp;
				PRODUCT_NAME = "$(TARGET_NAME)";
				SWIFT_EMIT_LOC_STRINGS = YES;
				SWIFT_VERSION = 5.0;
				TARGETED_DEVICE_FAMILY = "1,2";
			};
			name = Release;
		};
		4DE3622B2B7CBD7A006B7DD8 /* Debug */ = {
			isa = XCBuildConfiguration;
			buildSettings = {
				ALWAYS_EMBED_SWIFT_STANDARD_LIBRARIES = YES;
				BUNDLE_LOADER = "$(TEST_HOST)";
				CODE_SIGN_STYLE = Automatic;
				CURRENT_PROJECT_VERSION = 1;
				DEVELOPMENT_TEAM = 2Y2FRWV72Q;
				GENERATE_INFOPLIST_FILE = YES;
				IPHONEOS_DEPLOYMENT_TARGET = 17.2;
				MARKETING_VERSION = 1.0;
				PRODUCT_BUNDLE_IDENTIFIER = com.dev.PokemonSimpleAppTests;
				PRODUCT_NAME = "$(TARGET_NAME)";
				SWIFT_EMIT_LOC_STRINGS = NO;
				SWIFT_VERSION = 5.0;
				TARGETED_DEVICE_FAMILY = "1,2";
				TEST_HOST = "$(BUILT_PRODUCTS_DIR)/PokemonSimpleApp.app/$(BUNDLE_EXECUTABLE_FOLDER_PATH)/PokemonSimpleApp";
			};
			name = Debug;
		};
		4DE3622C2B7CBD7A006B7DD8 /* Release */ = {
			isa = XCBuildConfiguration;
			buildSettings = {
				ALWAYS_EMBED_SWIFT_STANDARD_LIBRARIES = YES;
				BUNDLE_LOADER = "$(TEST_HOST)";
				CODE_SIGN_STYLE = Automatic;
				CURRENT_PROJECT_VERSION = 1;
				DEVELOPMENT_TEAM = 2Y2FRWV72Q;
				GENERATE_INFOPLIST_FILE = YES;
				IPHONEOS_DEPLOYMENT_TARGET = 17.2;
				MARKETING_VERSION = 1.0;
				PRODUCT_BUNDLE_IDENTIFIER = com.dev.PokemonSimpleAppTests;
				PRODUCT_NAME = "$(TARGET_NAME)";
				SWIFT_EMIT_LOC_STRINGS = NO;
				SWIFT_VERSION = 5.0;
				TARGETED_DEVICE_FAMILY = "1,2";
				TEST_HOST = "$(BUILT_PRODUCTS_DIR)/PokemonSimpleApp.app/$(BUNDLE_EXECUTABLE_FOLDER_PATH)/PokemonSimpleApp";
			};
			name = Release;
		};
		4DE3622E2B7CBD7A006B7DD8 /* Debug */ = {
			isa = XCBuildConfiguration;
			buildSettings = {
				ALWAYS_EMBED_SWIFT_STANDARD_LIBRARIES = YES;
				CODE_SIGN_STYLE = Automatic;
				CURRENT_PROJECT_VERSION = 1;
				DEVELOPMENT_TEAM = 2Y2FRWV72Q;
				GENERATE_INFOPLIST_FILE = YES;
				MARKETING_VERSION = 1.0;
				PRODUCT_BUNDLE_IDENTIFIER = com.dev.PokemonSimpleAppUITests;
				PRODUCT_NAME = "$(TARGET_NAME)";
				SWIFT_EMIT_LOC_STRINGS = NO;
				SWIFT_VERSION = 5.0;
				TARGETED_DEVICE_FAMILY = "1,2";
				TEST_TARGET_NAME = PokemonSimpleApp;
			};
			name = Debug;
		};
		4DE3622F2B7CBD7A006B7DD8 /* Release */ = {
			isa = XCBuildConfiguration;
			buildSettings = {
				ALWAYS_EMBED_SWIFT_STANDARD_LIBRARIES = YES;
				CODE_SIGN_STYLE = Automatic;
				CURRENT_PROJECT_VERSION = 1;
				DEVELOPMENT_TEAM = 2Y2FRWV72Q;
				GENERATE_INFOPLIST_FILE = YES;
				MARKETING_VERSION = 1.0;
				PRODUCT_BUNDLE_IDENTIFIER = com.dev.PokemonSimpleAppUITests;
				PRODUCT_NAME = "$(TARGET_NAME)";
				SWIFT_EMIT_LOC_STRINGS = NO;
				SWIFT_VERSION = 5.0;
				TARGETED_DEVICE_FAMILY = "1,2";
				TEST_TARGET_NAME = PokemonSimpleApp;
			};
			name = Release;
		};
/* End XCBuildConfiguration section */

/* Begin XCConfigurationList section */
		4DE361FE2B7CBD76006B7DD8 /* Build configuration list for PBXProject "PokemonSimpleApp" */ = {
			isa = XCConfigurationList;
			buildConfigurations = (
				4DE362252B7CBD7A006B7DD8 /* Debug */,
				4DE362262B7CBD7A006B7DD8 /* Release */,
			);
			defaultConfigurationIsVisible = 0;
			defaultConfigurationName = Release;
		};
		4DE362272B7CBD7A006B7DD8 /* Build configuration list for PBXNativeTarget "PokemonSimpleApp" */ = {
			isa = XCConfigurationList;
			buildConfigurations = (
				4DE362282B7CBD7A006B7DD8 /* Debug */,
				4DE362292B7CBD7A006B7DD8 /* Release */,
			);
			defaultConfigurationIsVisible = 0;
			defaultConfigurationName = Release;
		};
		4DE3622A2B7CBD7A006B7DD8 /* Build configuration list for PBXNativeTarget "PokemonSimpleAppTests" */ = {
			isa = XCConfigurationList;
			buildConfigurations = (
				4DE3622B2B7CBD7A006B7DD8 /* Debug */,
				4DE3622C2B7CBD7A006B7DD8 /* Release */,
			);
			defaultConfigurationIsVisible = 0;
			defaultConfigurationName = Release;
		};
		4DE3622D2B7CBD7A006B7DD8 /* Build configuration list for PBXNativeTarget "PokemonSimpleAppUITests" */ = {
			isa = XCConfigurationList;
			buildConfigurations = (
				4DE3622E2B7CBD7A006B7DD8 /* Debug */,
				4DE3622F2B7CBD7A006B7DD8 /* Release */,
			);
			defaultConfigurationIsVisible = 0;
			defaultConfigurationName = Release;
		};
/* End XCConfigurationList section */
	};
	rootObject = 4DE361FB2B7CBD76006B7DD8 /* Project object */;
}
